
Microsoft Visual Studio Solution File, Format Version 12.00
# Visual Studio Version 17
VisualStudioVersion = 17.8.34525.116
MinimumVisualStudioVersion = 10.0.40219.1
Project("{FAE04EC0-301F-11D3-BF4B-00C04F79EFBC}") = "Peditiscos.API", "Peditiscos.API\Peditiscos.API.csproj", "{C62BD522-DC6D-41E0-BDF7-549655416D1F}"
EndProject
Global
	GlobalSection(SolutionConfigurationPlatforms) = preSolution
		Debug|Any CPU = Debug|Any CPU
		Release|Any CPU = Release|Any CPU
	EndGlobalSection
	GlobalSection(ProjectConfigurationPlatforms) = postSolution
		{C62BD522-DC6D-41E0-BDF7-549655416D1F}.Debug|Any CPU.ActiveCfg = Debug|Any CPU
		{C62BD522-DC6D-41E0-BDF7-549655416D1F}.Debug|Any CPU.Build.0 = Debug|Any CPU
		{C62BD522-DC6D-41E0-BDF7-549655416D1F}.Release|Any CPU.ActiveCfg = Release|Any CPU
		{C62BD522-DC6D-41E0-BDF7-549655416D1F}.Release|Any CPU.Build.0 = Release|Any CPU
	EndGlobalSection
	GlobalSection(SolutionProperties) = preSolution
		HideSolutionNode = FALSE
	EndGlobalSection
	GlobalSection(ExtensibilityGlobals) = postSolution
		SolutionGuid = {92007F7C-EF42-4250-920D-F2D2062B128A}
	EndGlobalSection
EndGlobal
